// !$*UTF8*$!
{
	archiveVersion = 1;
	classes = {
	};
	objectVersion = 52;
	objects = {

/* Begin PBXBuildFile section */
		39171F69262EC52000581116 /* NPC_ZApp.swift in Sources */ = {isa = PBXBuildFile; fileRef = 39171F68262EC52000581116 /* NPC_ZApp.swift */; };
		39171F6B262EC52000581116 /* MainView.swift in Sources */ = {isa = PBXBuildFile; fileRef = 39171F6A262EC52000581116 /* MainView.swift */; };
		39171F6D262EC52100581116 /* Assets.xcassets in Resources */ = {isa = PBXBuildFile; fileRef = 39171F6C262EC52100581116 /* Assets.xcassets */; };
		39171F70262EC52100581116 /* Preview Assets.xcassets in Resources */ = {isa = PBXBuildFile; fileRef = 39171F6F262EC52100581116 /* Preview Assets.xcassets */; };
		39171F7C262EC52200581116 /* NPC_ZTests.swift in Sources */ = {isa = PBXBuildFile; fileRef = 39171F7B262EC52200581116 /* NPC_ZTests.swift */; };
		39171F87262EC52200581116 /* NPC_ZUITests.swift in Sources */ = {isa = PBXBuildFile; fileRef = 39171F86262EC52200581116 /* NPC_ZUITests.swift */; };
		39171FB4263021A100581116 /* Utls.swift in Sources */ = {isa = PBXBuildFile; fileRef = 39171FB3263021A100581116 /* Utls.swift */; };
		39171FBA263056E300581116 /* SocketIO in Frameworks */ = {isa = PBXBuildFile; productRef = 39171FB9263056E300581116 /* SocketIO */; };
		39171FE226313E4600581116 /* NpcCore.swift in Sources */ = {isa = PBXBuildFile; fileRef = 39171FE126313E4600581116 /* NpcCore.swift */; };
		394B6B3226372E9D0030D558 /* NpcMenuButton.swift in Sources */ = {isa = PBXBuildFile; fileRef = 394B6B3126372E9D0030D558 /* NpcMenuButton.swift */; };
		394B6B3D26373E200030D558 /* NpcMenuDivider.swift in Sources */ = {isa = PBXBuildFile; fileRef = 394B6B3C26373E200030D558 /* NpcMenuDivider.swift */; };
		394B6B572637F0C60030D558 /* npc in Resources */ = {isa = PBXBuildFile; fileRef = 394B6B562637F0C60030D558 /* npc */; };
		39FD536426330996006D39A8 /* NpcSettingsView.swift in Sources */ = {isa = PBXBuildFile; fileRef = 39FD536326330996006D39A8 /* NpcSettingsView.swift */; };
		39FD536C263315E9006D39A8 /* StartButton.swift in Sources */ = {isa = PBXBuildFile; fileRef = 39FD536B263315E9006D39A8 /* StartButton.swift */; };
		39FD537626332039006D39A8 /* ListCell.swift in Sources */ = {isa = PBXBuildFile; fileRef = 39FD537526332039006D39A8 /* ListCell.swift */; };
		39FD537E2633FE40006D39A8 /* AppView.swift in Sources */ = {isa = PBXBuildFile; fileRef = 39FD537D2633FE40006D39A8 /* AppView.swift */; };
		39FD538626340084006D39A8 /* TrafficProgressView.swift in Sources */ = {isa = PBXBuildFile; fileRef = 39FD538526340084006D39A8 /* TrafficProgressView.swift */; };
		39FD538E263413A1006D39A8 /* NpcConfig.swift in Sources */ = {isa = PBXBuildFile; fileRef = 39FD538D263413A1006D39A8 /* NpcConfig.swift */; };
		39FD53DE2635CCC7006D39A8 /* NpcZLauncherApp.swift in Sources */ = {isa = PBXBuildFile; fileRef = 39FD53DD2635CCC7006D39A8 /* NpcZLauncherApp.swift */; };
		39FD53E52635CCC8006D39A8 /* Preview Assets.xcassets in Resources */ = {isa = PBXBuildFile; fileRef = 39FD53E42635CCC8006D39A8 /* Preview Assets.xcassets */; };
		39FD54242635E2EF006D39A8 /* SettingsView.swift in Sources */ = {isa = PBXBuildFile; fileRef = 39FD54232635E2EF006D39A8 /* SettingsView.swift */; };
		39FD542E2635E672006D39A8 /* Preference.swift in Sources */ = {isa = PBXBuildFile; fileRef = 39FD542D2635E672006D39A8 /* Preference.swift */; };
		39FD544C2635ED9E006D39A8 /* GeneralSettingsView.swift in Sources */ = {isa = PBXBuildFile; fileRef = 39FD544B2635ED9E006D39A8 /* GeneralSettingsView.swift */; };
		39FD54722636F442006D39A8 /* AppDelegate.swift in Sources */ = {isa = PBXBuildFile; fileRef = 39FD54712636F442006D39A8 /* AppDelegate.swift */; };
/* End PBXBuildFile section */

/* Begin PBXContainerItemProxy section */
		39171F78262EC52200581116 /* PBXContainerItemProxy */ = {
			isa = PBXContainerItemProxy;
			containerPortal = 39171F5D262EC52000581116 /* Project object */;
			proxyType = 1;
			remoteGlobalIDString = 39171F64262EC52000581116;
			remoteInfo = "NPC-Z";
		};
		39171F83262EC52200581116 /* PBXContainerItemProxy */ = {
			isa = PBXContainerItemProxy;
			containerPortal = 39171F5D262EC52000581116 /* Project object */;
			proxyType = 1;
			remoteGlobalIDString = 39171F64262EC52000581116;
			remoteInfo = "NPC-Z";
		};
/* End PBXContainerItemProxy section */

/* Begin PBXFileReference section */
		39171F65262EC52000581116 /* NpcZ.app */ = {isa = PBXFileReference; explicitFileType = wrapper.application; includeInIndex = 0; path = NpcZ.app; sourceTree = BUILT_PRODUCTS_DIR; };
		39171F68262EC52000581116 /* NPC_ZApp.swift */ = {isa = PBXFileReference; lastKnownFileType = sourcecode.swift; path = NPC_ZApp.swift; sourceTree = "<group>"; };
		39171F6A262EC52000581116 /* MainView.swift */ = {isa = PBXFileReference; lastKnownFileType = sourcecode.swift; path = MainView.swift; sourceTree = "<group>"; };
		39171F6C262EC52100581116 /* Assets.xcassets */ = {isa = PBXFileReference; lastKnownFileType = folder.assetcatalog; path = Assets.xcassets; sourceTree = "<group>"; };
		39171F6F262EC52100581116 /* Preview Assets.xcassets */ = {isa = PBXFileReference; lastKnownFileType = folder.assetcatalog; path = "Preview Assets.xcassets"; sourceTree = "<group>"; };
		39171F71262EC52100581116 /* Info.plist */ = {isa = PBXFileReference; lastKnownFileType = text.plist.xml; path = Info.plist; sourceTree = "<group>"; };
		39171F72262EC52100581116 /* NpcZ.entitlements */ = {isa = PBXFileReference; lastKnownFileType = text.plist.entitlements; path = NpcZ.entitlements; sourceTree = "<group>"; };
		39171F77262EC52200581116 /* NpcZTests.xctest */ = {isa = PBXFileReference; explicitFileType = wrapper.cfbundle; includeInIndex = 0; path = NpcZTests.xctest; sourceTree = BUILT_PRODUCTS_DIR; };
		39171F7B262EC52200581116 /* NPC_ZTests.swift */ = {isa = PBXFileReference; lastKnownFileType = sourcecode.swift; path = NPC_ZTests.swift; sourceTree = "<group>"; };
		39171F7D262EC52200581116 /* Info.plist */ = {isa = PBXFileReference; lastKnownFileType = text.plist.xml; path = Info.plist; sourceTree = "<group>"; };
		39171F82262EC52200581116 /* NpcZUITests.xctest */ = {isa = PBXFileReference; explicitFileType = wrapper.cfbundle; includeInIndex = 0; path = NpcZUITests.xctest; sourceTree = BUILT_PRODUCTS_DIR; };
		39171F86262EC52200581116 /* NPC_ZUITests.swift */ = {isa = PBXFileReference; lastKnownFileType = sourcecode.swift; path = NPC_ZUITests.swift; sourceTree = "<group>"; };
		39171F88262EC52200581116 /* Info.plist */ = {isa = PBXFileReference; lastKnownFileType = text.plist.xml; path = Info.plist; sourceTree = "<group>"; };
		39171FB3263021A100581116 /* Utls.swift */ = {isa = PBXFileReference; lastKnownFileType = sourcecode.swift; path = Utls.swift; sourceTree = "<group>"; };
		39171FE126313E4600581116 /* NpcCore.swift */ = {isa = PBXFileReference; lastKnownFileType = sourcecode.swift; path = NpcCore.swift; sourceTree = "<group>"; };
		394B6B3126372E9D0030D558 /* NpcMenuButton.swift */ = {isa = PBXFileReference; lastKnownFileType = sourcecode.swift; path = NpcMenuButton.swift; sourceTree = "<group>"; };
		394B6B3C26373E200030D558 /* NpcMenuDivider.swift */ = {isa = PBXFileReference; lastKnownFileType = sourcecode.swift; path = NpcMenuDivider.swift; sourceTree = "<group>"; };
		394B6B562637F0C60030D558 /* npc */ = {isa = PBXFileReference; lastKnownFileType = "compiled.mach-o.executable"; path = npc; sourceTree = "<group>"; };
		39FD536326330996006D39A8 /* NpcSettingsView.swift */ = {isa = PBXFileReference; lastKnownFileType = sourcecode.swift; path = NpcSettingsView.swift; sourceTree = "<group>"; };
		39FD536B263315E9006D39A8 /* StartButton.swift */ = {isa = PBXFileReference; lastKnownFileType = sourcecode.swift; path = StartButton.swift; sourceTree = "<group>"; };
		39FD537526332039006D39A8 /* ListCell.swift */ = {isa = PBXFileReference; lastKnownFileType = sourcecode.swift; path = ListCell.swift; sourceTree = "<group>"; };
		39FD537D2633FE40006D39A8 /* AppView.swift */ = {isa = PBXFileReference; lastKnownFileType = sourcecode.swift; path = AppView.swift; sourceTree = "<group>"; };
		39FD538526340084006D39A8 /* TrafficProgressView.swift */ = {isa = PBXFileReference; lastKnownFileType = sourcecode.swift; path = TrafficProgressView.swift; sourceTree = "<group>"; };
		39FD538D263413A1006D39A8 /* NpcConfig.swift */ = {isa = PBXFileReference; lastKnownFileType = sourcecode.swift; path = NpcConfig.swift; sourceTree = "<group>"; };
		39FD53DB2635CCC7006D39A8 /* NpcZLauncher.app */ = {isa = PBXFileReference; explicitFileType = wrapper.application; includeInIndex = 0; path = NpcZLauncher.app; sourceTree = BUILT_PRODUCTS_DIR; };
		39FD53DD2635CCC7006D39A8 /* NpcZLauncherApp.swift */ = {isa = PBXFileReference; lastKnownFileType = sourcecode.swift; path = NpcZLauncherApp.swift; sourceTree = "<group>"; };
		39FD53E42635CCC8006D39A8 /* Preview Assets.xcassets */ = {isa = PBXFileReference; lastKnownFileType = folder.assetcatalog; path = "Preview Assets.xcassets"; sourceTree = "<group>"; };
		39FD53E62635CCC8006D39A8 /* Info.plist */ = {isa = PBXFileReference; lastKnownFileType = text.plist.xml; path = Info.plist; sourceTree = "<group>"; };
		39FD53E72635CCC8006D39A8 /* NpcZLauncher.entitlements */ = {isa = PBXFileReference; lastKnownFileType = text.plist.entitlements; path = NpcZLauncher.entitlements; sourceTree = "<group>"; };
		39FD54232635E2EF006D39A8 /* SettingsView.swift */ = {isa = PBXFileReference; lastKnownFileType = sourcecode.swift; path = SettingsView.swift; sourceTree = "<group>"; };
		39FD542D2635E672006D39A8 /* Preference.swift */ = {isa = PBXFileReference; lastKnownFileType = sourcecode.swift; path = Preference.swift; sourceTree = "<group>"; };
		39FD544B2635ED9E006D39A8 /* GeneralSettingsView.swift */ = {isa = PBXFileReference; lastKnownFileType = sourcecode.swift; path = GeneralSettingsView.swift; sourceTree = "<group>"; };
		39FD54712636F442006D39A8 /* AppDelegate.swift */ = {isa = PBXFileReference; lastKnownFileType = sourcecode.swift; path = AppDelegate.swift; sourceTree = "<group>"; };
/* End PBXFileReference section */

/* Begin PBXFrameworksBuildPhase section */
		39171F62262EC52000581116 /* Frameworks */ = {
			isa = PBXFrameworksBuildPhase;
			buildActionMask = 2147483647;
			files = (
				39171FBA263056E300581116 /* SocketIO in Frameworks */,
			);
			runOnlyForDeploymentPostprocessing = 0;
		};
		39171F74262EC52200581116 /* Frameworks */ = {
			isa = PBXFrameworksBuildPhase;
			buildActionMask = 2147483647;
			files = (
			);
			runOnlyForDeploymentPostprocessing = 0;
		};
		39171F7F262EC52200581116 /* Frameworks */ = {
			isa = PBXFrameworksBuildPhase;
			buildActionMask = 2147483647;
			files = (
			);
			runOnlyForDeploymentPostprocessing = 0;
		};
		39FD53D82635CCC7006D39A8 /* Frameworks */ = {
			isa = PBXFrameworksBuildPhase;
			buildActionMask = 2147483647;
			files = (
			);
			runOnlyForDeploymentPostprocessing = 0;
		};
/* End PBXFrameworksBuildPhase section */

/* Begin PBXGroup section */
		39171F5C262EC52000581116 = {
			isa = PBXGroup;
			children = (
				39171FEF2632E4BC00581116 /* npc-core */,
				39171F67262EC52000581116 /* NpcZ */,
				39171F7A262EC52200581116 /* NpcZTests */,
				39171F85262EC52200581116 /* NpcZUITests */,
				39FD53DC2635CCC7006D39A8 /* NpcZLauncher */,
				39171F66262EC52000581116 /* Products */,
			);
			sourceTree = "<group>";
		};
		39171F66262EC52000581116 /* Products */ = {
			isa = PBXGroup;
			children = (
				39171F65262EC52000581116 /* NpcZ.app */,
				39171F77262EC52200581116 /* NpcZTests.xctest */,
				39171F82262EC52200581116 /* NpcZUITests.xctest */,
				39FD53DB2635CCC7006D39A8 /* NpcZLauncher.app */,
			);
			name = Products;
			sourceTree = "<group>";
		};
		39171F67262EC52000581116 /* NpcZ */ = {
			isa = PBXGroup;
			children = (
				39FD54712636F442006D39A8 /* AppDelegate.swift */,
				39171F68262EC52000581116 /* NPC_ZApp.swift */,
				39FD537D2633FE40006D39A8 /* AppView.swift */,
				39171F6A262EC52000581116 /* MainView.swift */,
				39171FE126313E4600581116 /* NpcCore.swift */,
				394B6B3B26373E0D0030D558 /* components */,
				39FD54222635E2C6006D39A8 /* preference */,
				39171FB3263021A100581116 /* Utls.swift */,
				39171F6C262EC52100581116 /* Assets.xcassets */,
				39171F71262EC52100581116 /* Info.plist */,
				39171F72262EC52100581116 /* NpcZ.entitlements */,
				39171F6E262EC52100581116 /* Preview Content */,
			);
			path = NpcZ;
			sourceTree = "<group>";
		};
		39171F6E262EC52100581116 /* Preview Content */ = {
			isa = PBXGroup;
			children = (
				39171F6F262EC52100581116 /* Preview Assets.xcassets */,
			);
			path = "Preview Content";
			sourceTree = "<group>";
		};
		39171F7A262EC52200581116 /* NpcZTests */ = {
			isa = PBXGroup;
			children = (
				39171F7B262EC52200581116 /* NPC_ZTests.swift */,
				39171F7D262EC52200581116 /* Info.plist */,
			);
			path = NpcZTests;
			sourceTree = "<group>";
		};
		39171F85262EC52200581116 /* NpcZUITests */ = {
			isa = PBXGroup;
			children = (
				39171F86262EC52200581116 /* NPC_ZUITests.swift */,
				39171F88262EC52200581116 /* Info.plist */,
			);
			path = NpcZUITests;
			sourceTree = "<group>";
		};
		39171FEF2632E4BC00581116 /* npc-core */ = {
			isa = PBXGroup;
			children = (
				394B6B562637F0C60030D558 /* npc */,
			);
			path = "npc-core";
			sourceTree = "<group>";
		};
		394B6B3B26373E0D0030D558 /* components */ = {
			isa = PBXGroup;
			children = (
				39FD536B263315E9006D39A8 /* StartButton.swift */,
				39FD538526340084006D39A8 /* TrafficProgressView.swift */,
				394B6B3126372E9D0030D558 /* NpcMenuButton.swift */,
				394B6B3C26373E200030D558 /* NpcMenuDivider.swift */,
				39FD537526332039006D39A8 /* ListCell.swift */,
			);
			path = components;
			sourceTree = "<group>";
		};
		39FD53DC2635CCC7006D39A8 /* NpcZLauncher */ = {
			isa = PBXGroup;
			children = (
				39FD53DD2635CCC7006D39A8 /* NpcZLauncherApp.swift */,
				39FD53E62635CCC8006D39A8 /* Info.plist */,
				39FD53E72635CCC8006D39A8 /* NpcZLauncher.entitlements */,
				39FD53E32635CCC8006D39A8 /* Preview Content */,
			);
			path = NpcZLauncher;
			sourceTree = "<group>";
		};
		39FD53E32635CCC8006D39A8 /* Preview Content */ = {
			isa = PBXGroup;
			children = (
				39FD53E42635CCC8006D39A8 /* Preview Assets.xcassets */,
			);
			path = "Preview Content";
			sourceTree = "<group>";
		};
		39FD54222635E2C6006D39A8 /* preference */ = {
			isa = PBXGroup;
			children = (
				39FD538D263413A1006D39A8 /* NpcConfig.swift */,
				39FD54232635E2EF006D39A8 /* SettingsView.swift */,
				39FD544B2635ED9E006D39A8 /* GeneralSettingsView.swift */,
				39FD536326330996006D39A8 /* NpcSettingsView.swift */,
				39FD542D2635E672006D39A8 /* Preference.swift */,
			);
			path = preference;
			sourceTree = "<group>";
		};
/* End PBXGroup section */

/* Begin PBXNativeTarget section */
		39171F64262EC52000581116 /* NpcZ */ = {
			isa = PBXNativeTarget;
			buildConfigurationList = 39171F8B262EC52200581116 /* Build configuration list for PBXNativeTarget "NpcZ" */;
			buildPhases = (
				39171F61262EC52000581116 /* Sources */,
				39171F62262EC52000581116 /* Frameworks */,
				39171F63262EC52000581116 /* Resources */,
			);
			buildRules = (
			);
			dependencies = (
			);
			name = NpcZ;
			packageProductDependencies = (
				39171FB9263056E300581116 /* SocketIO */,
			);
			productName = "NPC-Z";
			productReference = 39171F65262EC52000581116 /* NpcZ.app */;
			productType = "com.apple.product-type.application";
		};
		39171F76262EC52200581116 /* NpcZTests */ = {
			isa = PBXNativeTarget;
			buildConfigurationList = 39171F8E262EC52200581116 /* Build configuration list for PBXNativeTarget "NpcZTests" */;
			buildPhases = (
				39171F73262EC52200581116 /* Sources */,
				39171F74262EC52200581116 /* Frameworks */,
				39171F75262EC52200581116 /* Resources */,
			);
			buildRules = (
			);
			dependencies = (
				39171F79262EC52200581116 /* PBXTargetDependency */,
			);
			name = NpcZTests;
			productName = "NPC-ZTests";
			productReference = 39171F77262EC52200581116 /* NpcZTests.xctest */;
			productType = "com.apple.product-type.bundle.unit-test";
		};
		39171F81262EC52200581116 /* NpcZUITests */ = {
			isa = PBXNativeTarget;
			buildConfigurationList = 39171F91262EC52200581116 /* Build configuration list for PBXNativeTarget "NpcZUITests" */;
			buildPhases = (
				39171F7E262EC52200581116 /* Sources */,
				39171F7F262EC52200581116 /* Frameworks */,
				39171F80262EC52200581116 /* Resources */,
			);
			buildRules = (
			);
			dependencies = (
				39171F84262EC52200581116 /* PBXTargetDependency */,
			);
			name = NpcZUITests;
			productName = "NPC-ZUITests";
			productReference = 39171F82262EC52200581116 /* NpcZUITests.xctest */;
			productType = "com.apple.product-type.bundle.ui-testing";
		};
		39FD53DA2635CCC7006D39A8 /* NpcZLauncher */ = {
			isa = PBXNativeTarget;
			buildConfigurationList = 39FD53E82635CCC8006D39A8 /* Build configuration list for PBXNativeTarget "NpcZLauncher" */;
			buildPhases = (
				39FD53D72635CCC7006D39A8 /* Sources */,
				39FD53D82635CCC7006D39A8 /* Frameworks */,
				39FD53D92635CCC7006D39A8 /* Resources */,
			);
			buildRules = (
			);
			dependencies = (
			);
			name = NpcZLauncher;
			productName = NpcZLauncher;
			productReference = 39FD53DB2635CCC7006D39A8 /* NpcZLauncher.app */;
			productType = "com.apple.product-type.application";
		};
/* End PBXNativeTarget section */

/* Begin PBXProject section */
		39171F5D262EC52000581116 /* Project object */ = {
			isa = PBXProject;
			attributes = {
				LastSwiftUpdateCheck = 1240;
				LastUpgradeCheck = 1240;
				TargetAttributes = {
					39171F64262EC52000581116 = {
						CreatedOnToolsVersion = 12.4;
					};
					39171F76262EC52200581116 = {
						CreatedOnToolsVersion = 12.4;
						TestTargetID = 39171F64262EC52000581116;
					};
					39171F81262EC52200581116 = {
						CreatedOnToolsVersion = 12.4;
						TestTargetID = 39171F64262EC52000581116;
					};
					39FD53DA2635CCC7006D39A8 = {
						CreatedOnToolsVersion = 12.4;
					};
				};
			};
			buildConfigurationList = 39171F60262EC52000581116 /* Build configuration list for PBXProject "NpcZ" */;
			compatibilityVersion = "Xcode 9.3";
			developmentRegion = en;
			hasScannedForEncodings = 0;
			knownRegions = (
				en,
				Base,
			);
			mainGroup = 39171F5C262EC52000581116;
			packageReferences = (
				39171FB8263056E300581116 /* XCRemoteSwiftPackageReference "socket" */,
			);
			productRefGroup = 39171F66262EC52000581116 /* Products */;
			projectDirPath = "";
			projectRoot = "";
			targets = (
				39171F64262EC52000581116 /* NpcZ */,
				39171F76262EC52200581116 /* NpcZTests */,
				39171F81262EC52200581116 /* NpcZUITests */,
				39FD53DA2635CCC7006D39A8 /* NpcZLauncher */,
			);
		};
/* End PBXProject section */

/* Begin PBXResourcesBuildPhase section */
		39171F63262EC52000581116 /* Resources */ = {
			isa = PBXResourcesBuildPhase;
			buildActionMask = 2147483647;
			files = (
				394B6B572637F0C60030D558 /* npc in Resources */,
				39171F70262EC52100581116 /* Preview Assets.xcassets in Resources */,
				39171F6D262EC52100581116 /* Assets.xcassets in Resources */,
			);
			runOnlyForDeploymentPostprocessing = 0;
		};
		39171F75262EC52200581116 /* Resources */ = {
			isa = PBXResourcesBuildPhase;
			buildActionMask = 2147483647;
			files = (
			);
			runOnlyForDeploymentPostprocessing = 0;
		};
		39171F80262EC52200581116 /* Resources */ = {
			isa = PBXResourcesBuildPhase;
			buildActionMask = 2147483647;
			files = (
			);
			runOnlyForDeploymentPostprocessing = 0;
		};
		39FD53D92635CCC7006D39A8 /* Resources */ = {
			isa = PBXResourcesBuildPhase;
			buildActionMask = 2147483647;
			files = (
				39FD53E52635CCC8006D39A8 /* Preview Assets.xcassets in Resources */,
			);
			runOnlyForDeploymentPostprocessing = 0;
		};
/* End PBXResourcesBuildPhase section */

/* Begin PBXSourcesBuildPhase section */
		39171F61262EC52000581116 /* Sources */ = {
			isa = PBXSourcesBuildPhase;
			buildActionMask = 2147483647;
			files = (
				39FD544C2635ED9E006D39A8 /* GeneralSettingsView.swift in Sources */,
				39FD536C263315E9006D39A8 /* StartButton.swift in Sources */,
				394B6B3226372E9D0030D558 /* NpcMenuButton.swift in Sources */,
				39171FB4263021A100581116 /* Utls.swift in Sources */,
				39FD536426330996006D39A8 /* NpcSettingsView.swift in Sources */,
				39FD54722636F442006D39A8 /* AppDelegate.swift in Sources */,
				39171F6B262EC52000581116 /* MainView.swift in Sources */,
				39FD537E2633FE40006D39A8 /* AppView.swift in Sources */,
				39FD54242635E2EF006D39A8 /* SettingsView.swift in Sources */,
				39FD537626332039006D39A8 /* ListCell.swift in Sources */,
				39171F69262EC52000581116 /* NPC_ZApp.swift in Sources */,
				39FD538E263413A1006D39A8 /* NpcConfig.swift in Sources */,
				394B6B3D26373E200030D558 /* NpcMenuDivider.swift in Sources */,
				39171FE226313E4600581116 /* NpcCore.swift in Sources */,
				39FD542E2635E672006D39A8 /* Preference.swift in Sources */,
				39FD538626340084006D39A8 /* TrafficProgressView.swift in Sources */,
			);
			runOnlyForDeploymentPostprocessing = 0;
		};
		39171F73262EC52200581116 /* Sources */ = {
			isa = PBXSourcesBuildPhase;
			buildActionMask = 2147483647;
			files = (
				39171F7C262EC52200581116 /* NPC_ZTests.swift in Sources */,
			);
			runOnlyForDeploymentPostprocessing = 0;
		};
		39171F7E262EC52200581116 /* Sources */ = {
			isa = PBXSourcesBuildPhase;
			buildActionMask = 2147483647;
			files = (
				39171F87262EC52200581116 /* NPC_ZUITests.swift in Sources */,
			);
			runOnlyForDeploymentPostprocessing = 0;
		};
		39FD53D72635CCC7006D39A8 /* Sources */ = {
			isa = PBXSourcesBuildPhase;
			buildActionMask = 2147483647;
			files = (
				39FD53DE2635CCC7006D39A8 /* NpcZLauncherApp.swift in Sources */,
			);
			runOnlyForDeploymentPostprocessing = 0;
		};
/* End PBXSourcesBuildPhase section */

/* Begin PBXTargetDependency section */
		39171F79262EC52200581116 /* PBXTargetDependency */ = {
			isa = PBXTargetDependency;
			target = 39171F64262EC52000581116 /* NpcZ */;
			targetProxy = 39171F78262EC52200581116 /* PBXContainerItemProxy */;
		};
		39171F84262EC52200581116 /* PBXTargetDependency */ = {
			isa = PBXTargetDependency;
			target = 39171F64262EC52000581116 /* NpcZ */;
			targetProxy = 39171F83262EC52200581116 /* PBXContainerItemProxy */;
		};
/* End PBXTargetDependency section */

/* Begin XCBuildConfiguration section */
		39171F89262EC52200581116 /* Debug */ = {
			isa = XCBuildConfiguration;
			buildSettings = {
				ALWAYS_SEARCH_USER_PATHS = NO;
				CLANG_ANALYZER_NONNULL = YES;
				CLANG_ANALYZER_NUMBER_OBJECT_CONVERSION = YES_AGGRESSIVE;
				CLANG_CXX_LANGUAGE_STANDARD = "gnu++14";
				CLANG_CXX_LIBRARY = "libc++";
				CLANG_ENABLE_MODULES = YES;
				CLANG_ENABLE_OBJC_ARC = YES;
				CLANG_ENABLE_OBJC_WEAK = YES;
				CLANG_WARN_BLOCK_CAPTURE_AUTORELEASING = YES;
				CLANG_WARN_BOOL_CONVERSION = YES;
				CLANG_WARN_COMMA = YES;
				CLANG_WARN_CONSTANT_CONVERSION = YES;
				CLANG_WARN_DEPRECATED_OBJC_IMPLEMENTATIONS = YES;
				CLANG_WARN_DIRECT_OBJC_ISA_USAGE = YES_ERROR;
				CLANG_WARN_DOCUMENTATION_COMMENTS = YES;
				CLANG_WARN_EMPTY_BODY = YES;
				CLANG_WARN_ENUM_CONVERSION = YES;
				CLANG_WARN_INFINITE_RECURSION = YES;
				CLANG_WARN_INT_CONVERSION = YES;
				CLANG_WARN_NON_LITERAL_NULL_CONVERSION = YES;
				CLANG_WARN_OBJC_IMPLICIT_RETAIN_SELF = YES;
				CLANG_WARN_OBJC_LITERAL_CONVERSION = YES;
				CLANG_WARN_OBJC_ROOT_CLASS = YES_ERROR;
				CLANG_WARN_QUOTED_INCLUDE_IN_FRAMEWORK_HEADER = YES;
				CLANG_WARN_RANGE_LOOP_ANALYSIS = YES;
				CLANG_WARN_STRICT_PROTOTYPES = YES;
				CLANG_WARN_SUSPICIOUS_MOVE = YES;
				CLANG_WARN_UNGUARDED_AVAILABILITY = YES_AGGRESSIVE;
				CLANG_WARN_UNREACHABLE_CODE = YES;
				CLANG_WARN__DUPLICATE_METHOD_MATCH = YES;
				COPY_PHASE_STRIP = NO;
				DEBUG_INFORMATION_FORMAT = dwarf;
				ENABLE_STRICT_OBJC_MSGSEND = YES;
				ENABLE_TESTABILITY = YES;
				GCC_C_LANGUAGE_STANDARD = gnu11;
				GCC_DYNAMIC_NO_PIC = NO;
				GCC_NO_COMMON_BLOCKS = YES;
				GCC_OPTIMIZATION_LEVEL = 0;
				GCC_PREPROCESSOR_DEFINITIONS = (
					"DEBUG=1",
					"$(inherited)",
				);
				GCC_WARN_64_TO_32_BIT_CONVERSION = YES;
				GCC_WARN_ABOUT_RETURN_TYPE = YES_ERROR;
				GCC_WARN_UNDECLARED_SELECTOR = YES;
				GCC_WARN_UNINITIALIZED_AUTOS = YES_AGGRESSIVE;
				GCC_WARN_UNUSED_FUNCTION = YES;
				GCC_WARN_UNUSED_VARIABLE = YES;
				MACOSX_DEPLOYMENT_TARGET = 11.1;
				MTL_ENABLE_DEBUG_INFO = INCLUDE_SOURCE;
				MTL_FAST_MATH = YES;
				ONLY_ACTIVE_ARCH = YES;
				SDKROOT = macosx;
				SWIFT_ACTIVE_COMPILATION_CONDITIONS = DEBUG;
				SWIFT_OPTIMIZATION_LEVEL = "-Onone";
			};
			name = Debug;
		};
		39171F8A262EC52200581116 /* Release */ = {
			isa = XCBuildConfiguration;
			buildSettings = {
				ALWAYS_SEARCH_USER_PATHS = NO;
				CLANG_ANALYZER_NONNULL = YES;
				CLANG_ANALYZER_NUMBER_OBJECT_CONVERSION = YES_AGGRESSIVE;
				CLANG_CXX_LANGUAGE_STANDARD = "gnu++14";
				CLANG_CXX_LIBRARY = "libc++";
				CLANG_ENABLE_MODULES = YES;
				CLANG_ENABLE_OBJC_ARC = YES;
				CLANG_ENABLE_OBJC_WEAK = YES;
				CLANG_WARN_BLOCK_CAPTURE_AUTORELEASING = YES;
				CLANG_WARN_BOOL_CONVERSION = YES;
				CLANG_WARN_COMMA = YES;
				CLANG_WARN_CONSTANT_CONVERSION = YES;
				CLANG_WARN_DEPRECATED_OBJC_IMPLEMENTATIONS = YES;
				CLANG_WARN_DIRECT_OBJC_ISA_USAGE = YES_ERROR;
				CLANG_WARN_DOCUMENTATION_COMMENTS = YES;
				CLANG_WARN_EMPTY_BODY = YES;
				CLANG_WARN_ENUM_CONVERSION = YES;
				CLANG_WARN_INFINITE_RECURSION = YES;
				CLANG_WARN_INT_CONVERSION = YES;
				CLANG_WARN_NON_LITERAL_NULL_CONVERSION = YES;
				CLANG_WARN_OBJC_IMPLICIT_RETAIN_SELF = YES;
				CLANG_WARN_OBJC_LITERAL_CONVERSION = YES;
				CLANG_WARN_OBJC_ROOT_CLASS = YES_ERROR;
				CLANG_WARN_QUOTED_INCLUDE_IN_FRAMEWORK_HEADER = YES;
				CLANG_WARN_RANGE_LOOP_ANALYSIS = YES;
				CLANG_WARN_STRICT_PROTOTYPES = YES;
				CLANG_WARN_SUSPICIOUS_MOVE = YES;
				CLANG_WARN_UNGUARDED_AVAILABILITY = YES_AGGRESSIVE;
				CLANG_WARN_UNREACHABLE_CODE = YES;
				CLANG_WARN__DUPLICATE_METHOD_MATCH = YES;
				COPY_PHASE_STRIP = NO;
				DEBUG_INFORMATION_FORMAT = "dwarf-with-dsym";
				ENABLE_NS_ASSERTIONS = NO;
				ENABLE_STRICT_OBJC_MSGSEND = YES;
				GCC_C_LANGUAGE_STANDARD = gnu11;
				GCC_NO_COMMON_BLOCKS = YES;
				GCC_WARN_64_TO_32_BIT_CONVERSION = YES;
				GCC_WARN_ABOUT_RETURN_TYPE = YES_ERROR;
				GCC_WARN_UNDECLARED_SELECTOR = YES;
				GCC_WARN_UNINITIALIZED_AUTOS = YES_AGGRESSIVE;
				GCC_WARN_UNUSED_FUNCTION = YES;
				GCC_WARN_UNUSED_VARIABLE = YES;
				MACOSX_DEPLOYMENT_TARGET = 11.1;
				MTL_ENABLE_DEBUG_INFO = NO;
				MTL_FAST_MATH = YES;
				SDKROOT = macosx;
				SWIFT_COMPILATION_MODE = wholemodule;
				SWIFT_OPTIMIZATION_LEVEL = "-O";
			};
			name = Release;
		};
		39171F8C262EC52200581116 /* Debug */ = {
			isa = XCBuildConfiguration;
			buildSettings = {
				ASSETCATALOG_COMPILER_APPICON_NAME = AppIcon;
				ASSETCATALOG_COMPILER_GLOBAL_ACCENT_COLOR_NAME = AccentColor;
				CODE_SIGN_ENTITLEMENTS = NpcZ/NpcZ.entitlements;
				CODE_SIGN_IDENTITY = "Apple Development";
				CODE_SIGN_STYLE = Automatic;
				COMBINE_HIDPI_IMAGES = YES;
				DEVELOPMENT_ASSET_PATHS = "\"NpcZ/Preview Content\"";
				DEVELOPMENT_TEAM = EQSKXJ7B7B;
				ENABLE_HARDENED_RUNTIME = NO;
				ENABLE_PREVIEWS = YES;
				INFOPLIST_FILE = NpcZ/Info.plist;
				LD_RUNPATH_SEARCH_PATHS = (
					"$(inherited)",
					"@executable_path/../Frameworks",
				);
				MACOSX_DEPLOYMENT_TARGET = 11.0;
				MARKETING_VERSION = 0.0.1;
				PRODUCT_BUNDLE_IDENTIFIER = com.chocoford.NpcZ;
				PRODUCT_NAME = "$(TARGET_NAME)";
				SWIFT_VERSION = 5.0;
			};
			name = Debug;
		};
		39171F8D262EC52200581116 /* Release */ = {
			isa = XCBuildConfiguration;
			buildSettings = {
				ASSETCATALOG_COMPILER_APPICON_NAME = AppIcon;
				ASSETCATALOG_COMPILER_GLOBAL_ACCENT_COLOR_NAME = AccentColor;
				CODE_SIGN_ENTITLEMENTS = NpcZ/NpcZ.entitlements;
				CODE_SIGN_IDENTITY = "Apple Development";
				CODE_SIGN_STYLE = Automatic;
				COMBINE_HIDPI_IMAGES = YES;
				DEVELOPMENT_ASSET_PATHS = "\"NpcZ/Preview Content\"";
				DEVELOPMENT_TEAM = EQSKXJ7B7B;
				ENABLE_HARDENED_RUNTIME = NO;
				ENABLE_PREVIEWS = YES;
				INFOPLIST_FILE = NpcZ/Info.plist;
				LD_RUNPATH_SEARCH_PATHS = (
					"$(inherited)",
					"@executable_path/../Frameworks",
				);
				MACOSX_DEPLOYMENT_TARGET = 11.0;
				MARKETING_VERSION = 0.0.1;
				PRODUCT_BUNDLE_IDENTIFIER = com.chocoford.NpcZ;
				PRODUCT_NAME = "$(TARGET_NAME)";
				SWIFT_VERSION = 5.0;
			};
			name = Release;
		};
		39171F8F262EC52200581116 /* Debug */ = {
			isa = XCBuildConfiguration;
			buildSettings = {
				ALWAYS_EMBED_SWIFT_STANDARD_LIBRARIES = YES;
				BUNDLE_LOADER = "$(TEST_HOST)";
				CODE_SIGN_STYLE = Automatic;
				COMBINE_HIDPI_IMAGES = YES;
				DEVELOPMENT_TEAM = EQSKXJ7B7B;
				INFOPLIST_FILE = "NPC-ZTests/Info.plist";
				LD_RUNPATH_SEARCH_PATHS = (
					"$(inherited)",
					"@executable_path/../Frameworks",
					"@loader_path/../Frameworks",
				);
				MACOSX_DEPLOYMENT_TARGET = 11.0;
				PRODUCT_BUNDLE_IDENTIFIER = "com.chocoford.NPC-ZTests";
				PRODUCT_NAME = "$(TARGET_NAME)";
				SWIFT_VERSION = 5.0;
				TEST_HOST = "$(BUILT_PRODUCTS_DIR)/NpcZ.app/Contents/MacOS/NpcZ";
			};
			name = Debug;
		};
		39171F90262EC52200581116 /* Release */ = {
			isa = XCBuildConfiguration;
			buildSettings = {
				ALWAYS_EMBED_SWIFT_STANDARD_LIBRARIES = YES;
				BUNDLE_LOADER = "$(TEST_HOST)";
				CODE_SIGN_STYLE = Automatic;
				COMBINE_HIDPI_IMAGES = YES;
				DEVELOPMENT_TEAM = EQSKXJ7B7B;
				INFOPLIST_FILE = "NPC-ZTests/Info.plist";
				LD_RUNPATH_SEARCH_PATHS = (
					"$(inherited)",
					"@executable_path/../Frameworks",
					"@loader_path/../Frameworks",
				);
				MACOSX_DEPLOYMENT_TARGET = 11.0;
				PRODUCT_BUNDLE_IDENTIFIER = "com.chocoford.NPC-ZTests";
				PRODUCT_NAME = "$(TARGET_NAME)";
				SWIFT_VERSION = 5.0;
				TEST_HOST = "$(BUILT_PRODUCTS_DIR)/NpcZ.app/Contents/MacOS/NpcZ";
			};
			name = Release;
		};
		39171F92262EC52200581116 /* Debug */ = {
			isa = XCBuildConfiguration;
			buildSettings = {
				ALWAYS_EMBED_SWIFT_STANDARD_LIBRARIES = YES;
				CODE_SIGN_STYLE = Automatic;
				COMBINE_HIDPI_IMAGES = YES;
				DEVELOPMENT_TEAM = EQSKXJ7B7B;
				INFOPLIST_FILE = "NPC-ZUITests/Info.plist";
				LD_RUNPATH_SEARCH_PATHS = (
					"$(inherited)",
					"@executable_path/../Frameworks",
					"@loader_path/../Frameworks",
				);
				PRODUCT_BUNDLE_IDENTIFIER = "com.chocoford.NPC-ZUITests";
				PRODUCT_NAME = "$(TARGET_NAME)";
				SWIFT_VERSION = 5.0;
				TEST_TARGET_NAME = "NPC-Z";
			};
			name = Debug;
		};
		39171F93262EC52200581116 /* Release */ = {
			isa = XCBuildConfiguration;
			buildSettings = {
				ALWAYS_EMBED_SWIFT_STANDARD_LIBRARIES = YES;
				CODE_SIGN_STYLE = Automatic;
				COMBINE_HIDPI_IMAGES = YES;
				DEVELOPMENT_TEAM = EQSKXJ7B7B;
				INFOPLIST_FILE = "NPC-ZUITests/Info.plist";
				LD_RUNPATH_SEARCH_PATHS = (
					"$(inherited)",
					"@executable_path/../Frameworks",
					"@loader_path/../Frameworks",
				);
				PRODUCT_BUNDLE_IDENTIFIER = "com.chocoford.NPC-ZUITests";
				PRODUCT_NAME = "$(TARGET_NAME)";
				SWIFT_VERSION = 5.0;
				TEST_TARGET_NAME = "NPC-Z";
			};
			name = Release;
		};
		39FD53E92635CCC8006D39A8 /* Debug */ = {
			isa = XCBuildConfiguration;
			buildSettings = {
				ASSETCATALOG_COMPILER_APPICON_NAME = AppIcon;
				ASSETCATALOG_COMPILER_GLOBAL_ACCENT_COLOR_NAME = AccentColor;
				CODE_SIGN_ENTITLEMENTS = NpcZLauncher/NpcZLauncher.entitlements;
				CODE_SIGN_STYLE = Automatic;
				COMBINE_HIDPI_IMAGES = YES;
				DEVELOPMENT_ASSET_PATHS = "\"NpcZLauncher/Preview Content\"";
				DEVELOPMENT_TEAM = EQSKXJ7B7B;
				ENABLE_HARDENED_RUNTIME = YES;
				ENABLE_PREVIEWS = YES;
				INFOPLIST_FILE = NpcZLauncher/Info.plist;
				LD_RUNPATH_SEARCH_PATHS = (
					"$(inherited)",
					"@executable_path/../Frameworks",
				);
				MACOSX_DEPLOYMENT_TARGET = 11.0;
				PRODUCT_BUNDLE_IDENTIFIER = com.chocoford.NpcZLauncher;
				PRODUCT_NAME = "$(TARGET_NAME)";
				SKIP_INSTALL = YES;
				SWIFT_VERSION = 5.0;
			};
			name = Debug;
		};
		39FD53EA2635CCC8006D39A8 /* Release */ = {
			isa = XCBuildConfiguration;
			buildSettings = {
				ASSETCATALOG_COMPILER_APPICON_NAME = AppIcon;
				ASSETCATALOG_COMPILER_GLOBAL_ACCENT_COLOR_NAME = AccentColor;
				CODE_SIGN_ENTITLEMENTS = NpcZLauncher/NpcZLauncher.entitlements;
				CODE_SIGN_STYLE = Automatic;
				COMBINE_HIDPI_IMAGES = YES;
				DEVELOPMENT_ASSET_PATHS = "\"NpcZLauncher/Preview Content\"";
				DEVELOPMENT_TEAM = EQSKXJ7B7B;
				ENABLE_HARDENED_RUNTIME = YES;
				ENABLE_PREVIEWS = YES;
				INFOPLIST_FILE = NpcZLauncher/Info.plist;
				LD_RUNPATH_SEARCH_PATHS = (
					"$(inherited)",
					"@executable_path/../Frameworks",
				);
				MACOSX_DEPLOYMENT_TARGET = 11.0;
				PRODUCT_BUNDLE_IDENTIFIER = com.chocoford.NpcZLauncher;
				PRODUCT_NAME = "$(TARGET_NAME)";
				SKIP_INSTALL = YES;
				SWIFT_VERSION = 5.0;
			};
			name = Release;
		};
/* End XCBuildConfiguration section */

/* Begin XCConfigurationList section */
		39171F60262EC52000581116 /* Build configuration list for PBXProject "NpcZ" */ = {
			isa = XCConfigurationList;
			buildConfigurations = (
				39171F89262EC52200581116 /* Debug */,
				39171F8A262EC52200581116 /* Release */,
			);
			defaultConfigurationIsVisible = 0;
			defaultConfigurationName = Release;
		};
		39171F8B262EC52200581116 /* Build configuration list for PBXNativeTarget "NpcZ" */ = {
			isa = XCConfigurationList;
			buildConfigurations = (
				39171F8C262EC52200581116 /* Debug */,
				39171F8D262EC52200581116 /* Release */,
			);
			defaultConfigurationIsVisible = 0;
			defaultConfigurationName = Release;
		};
		39171F8E262EC52200581116 /* Build configuration list for PBXNativeTarget "NpcZTests" */ = {
			isa = XCConfigurationList;
			buildConfigurations = (
				39171F8F262EC52200581116 /* Debug */,
				39171F90262EC52200581116 /* Release */,
			);
			defaultConfigurationIsVisible = 0;
			defaultConfigurationName = Release;
		};
		39171F91262EC52200581116 /* Build configuration list for PBXNativeTarget "NpcZUITests" */ = {
			isa = XCConfigurationList;
			buildConfigurations = (
				39171F92262EC52200581116 /* Debug */,
				39171F93262EC52200581116 /* Release */,
			);
			defaultConfigurationIsVisible = 0;
			defaultConfigurationName = Release;
		};
		39FD53E82635CCC8006D39A8 /* Build configuration list for PBXNativeTarget "NpcZLauncher" */ = {
			isa = XCConfigurationList;
			buildConfigurations = (
				39FD53E92635CCC8006D39A8 /* Debug */,
				39FD53EA2635CCC8006D39A8 /* Release */,
			);
			defaultConfigurationIsVisible = 0;
			defaultConfigurationName = Release;
		};
/* End XCConfigurationList section */

/* Begin XCRemoteSwiftPackageReference section */
		39171FB8263056E300581116 /* XCRemoteSwiftPackageReference "socket" */ = {
			isa = XCRemoteSwiftPackageReference;
			repositoryURL = "https://github.com/socketio/socket.io-client-swift";
			requirement = {
				kind = upToNextMajorVersion;
				minimumVersion = 16.0.1;
			};
		};
/* End XCRemoteSwiftPackageReference section */

/* Begin XCSwiftPackageProductDependency section */
		39171FB9263056E300581116 /* SocketIO */ = {
			isa = XCSwiftPackageProductDependency;
			package = 39171FB8263056E300581116 /* XCRemoteSwiftPackageReference "socket" */;
			productName = SocketIO;
		};
/* End XCSwiftPackageProductDependency section */
	};
	rootObject = 39171F5D262EC52000581116 /* Project object */;
}
